PODS:
  - Alamofire (5.4.3)
  - Realm (10.8.1):
    - Realm/Headers (= 10.8.1)
  - Realm/Headers (10.8.1)
  - RealmSwift (10.8.1):
    - Realm (= 10.8.1)
  - SideMenu (6.5.0)

DEPENDENCIES:
  - Alamofire
  - RealmSwift
  - SideMenu

SPEC REPOS:
  trunk:
    - Alamofire
    - Realm
    - RealmSwift
    - SideMenu

SPEC CHECKSUMS:
  Alamofire: e447a2774a40c996748296fa2c55112fdbbc42f9
  Realm: a2db54d9dcceddeba936b429f5b3d6610a109686
  RealmSwift: 2a3c75ecbf5a3b04080ff5f6f0554cf6337b4764
  SideMenu: f583187d21c5b1dd04c72002be544b555a2627a2

PODFILE CHECKSUM: 5225dbcbb5dd32db8b2bd2e3b4fc7a8e62a486c5

COCOAPODS: 1.10.1
